
Microsoft Visual Studio Solution File, Format Version 12.00
# Visual Studio 2012
Project("{F184B08F-C81C-45F6-A57F-5ABD9991F28F}") = "TPGNM_SlingshotDB", "SlingshotDB\TPGNM_SlingshotDB.vbproj", "{7DF994AE-CC2D-4364-B6EA-DAF4F59E7F6B}"
EndProject
Global
	GlobalSection(SolutionConfigurationPlatforms) = preSolution
		Debug|Any CPU = Debug|Any CPU
		Release|Any CPU = Release|Any CPU
	EndGlobalSection
	GlobalSection(ProjectConfigurationPlatforms) = postSolution
		{7DF994AE-CC2D-4364-B6EA-DAF4F59E7F6B}.Debug|Any CPU.ActiveCfg = Debug|Any CPU
		{7DF994AE-CC2D-4364-B6EA-DAF4F59E7F6B}.Debug|Any CPU.Build.0 = Debug|Any CPU
		{7DF994AE-CC2D-4364-B6EA-DAF4F59E7F6B}.Release|Any CPU.ActiveCfg = Release|Any CPU
		{7DF994AE-CC2D-4364-B6EA-DAF4F59E7F6B}.Release|Any CPU.Build.0 = Release|Any CPU
	EndGlobalSection
	GlobalSection(SolutionProperties) = preSolution
		HideSolutionNode = FALSE
	EndGlobalSection
EndGlobal
